# THIS IS AN AUTOGENERATED FILE. DO NOT EDIT THIS FILE DIRECTLY.
# yarn lockfile v1


"@vssue/api-github-v3@^1.1.2":
  version "1.4.4"
  resolved "https://registry.npm.taobao.org/@vssue/api-github-v3/download/@vssue/api-github-v3-1.4.4.tgz#e32ed6d5910bb87c327de8576c107ee7e53bb6db"
  integrity sha1-4y7W1ZELuHwyfehXbBB+5+U7tts=
  dependencies:
    "@vssue/utils" "^1.4.0"
    axios "^0.18.1"

"@vssue/utils@^1.4.0":
  version "1.4.0"
  resolved "https://registry.npm.taobao.org/@vssue/utils/download/@vssue/utils-1.4.0.tgz#3cc2fd8492a3409e343289981e2209b6ca2f8313"
  integrity sha1-PML9hJKjQJ40MomYHiIJtsovgxM=
  dependencies:
    date-fns "^1.29.0"
    qs "^6.6.0"

"@vssue/vuepress-plugin-vssue@^1.2.2":
  version "1.4.6"
  resolved "https://registry.npm.taobao.org/@vssue/vuepress-plugin-vssue/download/@vssue/vuepress-plugin-vssue-1.4.6.tgz#0a231095f58b29bbd64c9ea964fa73add909ccfd"
  integrity sha1-CiMQlfWLKbvWTJ6pZPpzrdkJzP0=
  dependencies:
    vssue "^1.4.6"

"@vuepress/plugin-active-header-links@^1.2.0":
  version "1.5.2"
  resolved "https://registry.npm.taobao.org/@vuepress/plugin-active-header-links/download/@vuepress/plugin-active-header-links-1.5.2.tgz#5408d2ac5aa31d9b1ff581464f7ae0e462c1aa37"
  integrity sha1-VAjSrFqjHZsf9YFGT3rg5GLBqjc=
  dependencies:
    lodash.debounce "^4.0.8"

"@vuepress/plugin-back-to-top@^1.2.0":
  version "1.5.2"
  resolved "https://registry.npm.taobao.org/@vuepress/plugin-back-to-top/download/@vuepress/plugin-back-to-top-1.5.2.tgz#d253be7f0b7c2b59ca8fabe10c2f517c96d83b0e"
  integrity sha1-0lO+fwt8K1nKj6vhDC9RfJbYOw4=
  dependencies:
    lodash.debounce "^4.0.8"

"@vuepress/plugin-medium-zoom@^1.2.0":
  version "1.5.2"
  resolved "https://registry.npm.taobao.org/@vuepress/plugin-medium-zoom/download/@vuepress/plugin-medium-zoom-1.5.2.tgz#d7445ed8e8ba0cec9fb9c4c91a880b4e7fd66d91"
  integrity sha1-10Re2Oi6DOyfucTJGogLTn/WbZE=
  dependencies:
    medium-zoom "^1.0.4"

axios@^0.18.1:
  version "0.18.1"
  resolved "https://registry.npm.taobao.org/axios/download/axios-0.18.1.tgz#ff3f0de2e7b5d180e757ad98000f1081b87bcea3"
  integrity sha1-/z8N4ue10YDnV62YAA8Qgbh7zqM=
  dependencies:
    follow-redirects "1.5.10"
    is-buffer "^2.0.2"

call-bind@^1.0.0:
  version "1.0.2"
  resolved "https://registry.yarnpkg.com/call-bind/-/call-bind-1.0.2.tgz#b1d4e89e688119c3c9a903ad30abb2f6a919be3c"
  integrity sha512-7O+FbCihrB5WGbFYesctwmTKae6rOiIzmz1icreWJ+0aA7LJfuqhEso2T9ncpcFtzMQtzXf2QGGueWJGTYsqrA==
  dependencies:
    function-bind "^1.1.1"
    get-intrinsic "^1.0.2"

date-fns@^1.29.0:
  version "1.30.1"
  resolved "https://registry.npm.taobao.org/date-fns/download/date-fns-1.30.1.tgz?cache=0&sync_timestamp=1589822706968&other_urls=https%3A%2F%2Fregistry.npm.taobao.org%2Fdate-fns%2Fdownload%2Fdate-fns-1.30.1.tgz#2e71bf0b119153dbb4cc4e88d9ea5acfb50dc05c"
  integrity sha1-LnG/CxGRU9u0zE6I2epaz7UNwFw=

debug@=3.1.0:
  version "3.1.0"
  resolved "https://registry.npm.taobao.org/debug/download/debug-3.1.0.tgz#5bb5a0672628b64149566ba16819e61518c67261"
  integrity sha1-W7WgZyYotkFJVmuhaBnmFRjGcmE=
  dependencies:
    ms "2.0.0"

follow-redirects@1.5.10:
  version "1.5.10"
  resolved "https://registry.npm.taobao.org/follow-redirects/download/follow-redirects-1.5.10.tgz?cache=0&sync_timestamp=1592518281721&other_urls=https%3A%2F%2Fregistry.npm.taobao.org%2Ffollow-redirects%2Fdownload%2Ffollow-redirects-1.5.10.tgz#7b7a9f9aea2fdff36786a94ff643ed07f4ff5e2a"
  integrity sha1-e3qfmuov3/NnhqlP9kPtB/T/Xio=
  dependencies:
    debug "=3.1.0"

fs@^0.0.1-security:
  version "0.0.1-security"
  resolved "https://registry.npm.taobao.org/fs/download/fs-0.0.1-security.tgz#8a7bd37186b6dddf3813f23858b57ecaaf5e41d4"
  integrity sha1-invTcYa23d84E/I4WLV+yq9eQdQ=

function-bind@^1.1.1:
  version "1.1.1"
  resolved "https://registry.yarnpkg.com/function-bind/-/function-bind-1.1.1.tgz#a56899d3ea3c9bab874bb9773b7c5ede92f4895d"
  integrity sha512-yIovAzMX49sF8Yl58fSCWJ5svSLuaibPxXQJFLmBObTuCr0Mf1KiPopGM9NiFjiYBCbfaa2Fh6breQ6ANVTI0A==

get-intrinsic@^1.0.2:
  version "1.1.3"
  resolved "https://registry.yarnpkg.com/get-intrinsic/-/get-intrinsic-1.1.3.tgz#063c84329ad93e83893c7f4f243ef63ffa351385"
  integrity sha512-QJVz1Tj7MS099PevUG5jvnt9tSkXN8K14dxQlikJuPt4uD9hHAHjLyLBiLR5zELelBdD9QNRAXZzsJx0WaDL9A==
  dependencies:
    function-bind "^1.1.1"
    has "^1.0.3"
    has-symbols "^1.0.3"

github-markdown-css@^3.0.1:
  version "3.0.1"
  resolved "https://registry.npm.taobao.org/github-markdown-css/download/github-markdown-css-3.0.1.tgz#d08db1060d2e182025e0d07d547cfe2afed30205"
  integrity sha1-0I2xBg0uGCAl4NB9VHz+Kv7TAgU=

has-symbols@^1.0.3:
  version "1.0.3"
  resolved "https://registry.yarnpkg.com/has-symbols/-/has-symbols-1.0.3.tgz#bb7b2c4349251dce87b125f7bdf874aa7c8b39f8"
  integrity sha512-l3LCuF6MgDNwTDKkdYGEihYjt5pRPbEg46rtlmnSPlUbgmB8LOIrKJbYYFBSbnPaJexMKtiPO8hmeRjRz2Td+A==

has@^1.0.3:
  version "1.0.3"
  resolved "https://registry.yarnpkg.com/has/-/has-1.0.3.tgz#722d7cbfc1f6aa8241f16dd814e011e1f41e8796"
  integrity sha512-f2dvO0VU6Oej7RkWJGrehjbzMAjFp5/VKPp5tTpWIV4JHHZK1/BxbFRtf/siA2SWTe09caDmVtYYzWEIbBS4zw==
  dependencies:
    function-bind "^1.1.1"

inherits@2.0.3:
  version "2.0.3"
  resolved "https://registry.npm.taobao.org/inherits/download/inherits-2.0.3.tgz#633c2c83e3da42a502f52466022480f4208261de"
  integrity sha1-Yzwsg+PaQqUC9SRmAiSA9CCCYd4=

is-buffer@^2.0.2:
  version "2.0.4"
  resolved "https://registry.npm.taobao.org/is-buffer/download/is-buffer-2.0.4.tgz#3e572f23c8411a5cfd9557c849e3665e0b290623"
  integrity sha1-PlcvI8hBGlz9lVfISeNmXgspBiM=

lodash.debounce@^4.0.8:
  version "4.0.8"
  resolved "https://registry.npm.taobao.org/lodash.debounce/download/lodash.debounce-4.0.8.tgz#82d79bff30a67c4005ffd5e2515300ad9ca4d7af"
  integrity sha1-gteb/zCmfEAF/9XiUVMArZyk168=

medium-zoom@^1.0.4:
  version "1.0.5"
  resolved "https://registry.npm.taobao.org/medium-zoom/download/medium-zoom-1.0.5.tgz#81413dda20ccdd857141ff420cfab788dd32e20e"
  integrity sha1-gUE92iDM3YVxQf9CDPq3iN0y4g4=

ms@2.0.0:
  version "2.0.0"
  resolved "https://registry.npm.taobao.org/ms/download/ms-2.0.0.tgz#5608aeadfc00be6c2901df5f9861788de0d597c8"
  integrity sha1-VgiurfwAvmwpAd9fmGF4jeDVl8g=

object-inspect@^1.9.0:
  version "1.12.2"
  resolved "https://registry.yarnpkg.com/object-inspect/-/object-inspect-1.12.2.tgz#c0641f26394532f28ab8d796ab954e43c009a8ea"
  integrity sha512-z+cPxW0QGUp0mcqcsgQyLVRDoXFQbXOwBaqyF7VIgI4TWNQsDHrBpUQslRmIfAoYWdYzs6UlKJtB2XJpTaNSpQ==

path@^0.12.7:
  version "0.12.7"
  resolved "https://registry.npm.taobao.org/path/download/path-0.12.7.tgz#d4dc2a506c4ce2197eb481ebfcd5b36c0140b10f"
  integrity sha1-1NwqUGxM4hl+tIHr/NWzbAFAsQ8=
  dependencies:
    process "^0.11.1"
    util "^0.10.3"

process@^0.11.1:
  version "0.11.10"
  resolved "https://registry.npm.taobao.org/process/download/process-0.11.10.tgz#7332300e840161bda3e69a1d1d91a7d4bc16f182"
  integrity sha1-czIwDoQBYb2j5podHZGn1LwW8YI=

qs@^6.6.0:
  version "6.11.0"
  resolved "https://registry.yarnpkg.com/qs/-/qs-6.11.0.tgz#fd0d963446f7a65e1367e01abd85429453f0c37a"
  integrity sha512-MvjoMCJwEarSbUYk5O+nmoSzSutSsTwF85zcHPQ9OrlFoZOYIjaqBAJIqIXjptyD5vThxGq52Xu/MaJzRkIk4Q==
  dependencies:
    side-channel "^1.0.4"

side-channel@^1.0.4:
  version "1.0.4"
  resolved "https://registry.yarnpkg.com/side-channel/-/side-channel-1.0.4.tgz#efce5c8fdc104ee751b25c58d4290011fa5ea2cf"
  integrity sha512-q5XPytqFEIKHkGdiMIrY10mvLRvnQh42/+GoBlFW3b2LXLE2xxJpZFdm94we0BaoV3RwJyGqg5wS7epxTv0Zvw==
  dependencies:
    call-bind "^1.0.0"
    get-intrinsic "^1.0.2"
    object-inspect "^1.9.0"

util@^0.10.3:
  version "0.10.4"
  resolved "https://registry.npm.taobao.org/util/download/util-0.10.4.tgz#3aa0125bfe668a4672de58857d3ace27ecb76901"
  integrity sha1-OqASW/5mikZy3liFfTrOJ+y3aQE=
  dependencies:
    inherits "2.0.3"

vssue@^1.4.6:
  version "1.4.6"
  resolved "https://registry.npm.taobao.org/vssue/download/vssue-1.4.6.tgz#2ce16373907dc04bb92d6908224f0dd7239454f6"
  integrity sha1-LOFjc5B9wEu5LWkIIk8N1yOUVPY=
  dependencies:
    "@vssue/utils" "^1.4.0"
    github-markdown-css "^3.0.1"
    vue "^2.6.10"
    vue-i18n "^8.11.2"
    vue-property-decorator "^8.1.1"

vue-class-component@^7.1.0:
  version "7.2.3"
  resolved "https://registry.npm.taobao.org/vue-class-component/download/vue-class-component-7.2.3.tgz#a5b1abd53513a72ad51098752e2dedd499807cca"
  integrity sha1-pbGr1TUTpyrVEJh1Li3t1JmAfMo=

vue-i18n@^8.11.2:
  version "8.18.2"
  resolved "https://registry.npm.taobao.org/vue-i18n/download/vue-i18n-8.18.2.tgz#cd7c12f2e178e6faa23b0e3cfd2f7bac9305f8fc"
  integrity sha1-zXwS8uF45vqiOw48/S97rJMF+Pw=

vue-property-decorator@^8.1.1:
  version "8.5.1"
  resolved "https://registry.npm.taobao.org/vue-property-decorator/download/vue-property-decorator-8.5.1.tgz#571a91cf8d2b507f537d79bf8275af3184572fff"
  integrity sha1-VxqRz40rUH9TfXm/gnWvMYRXL/8=
  dependencies:
    vue-class-component "^7.1.0"

vue@^2.6.10:
  version "2.6.11"
  resolved "https://registry.npm.taobao.org/vue/download/vue-2.6.11.tgz#76594d877d4b12234406e84e35275c6d514125c5"
  integrity sha1-dllNh31LEiNEBuhONSdcbVFBJcU=
